
Microsoft Visual Studio Solution File, Format Version 12.00
# Visual Studio Version 17
VisualStudioVersion = 17.5.33516.290
MinimumVisualStudioVersion = 10.0.40219.1
Project("{E24C65DC-7377-472B-9ABA-BC803B73C61A}") = "YemekTarifiSitee", "YemekTarifiSitee\", "{13125DE2-F726-4450-BB72-4CCC1DABB949}"
	ProjectSection(WebsiteProperties) = preProject
		TargetFrameworkMoniker = ".NETFramework,Version%3Dv4.7.2"
		Debug.AspNetCompiler.VirtualPath = "/localhost_54520"
		Debug.AspNetCompiler.PhysicalPath = "YemekTarifiSitee\"
		Debug.AspNetCompiler.TargetPath = "PrecompiledWeb\localhost_54520\"
		Debug.AspNetCompiler.Updateable = "true"
		Debug.AspNetCompiler.ForceOverwrite = "true"
		Debug.AspNetCompiler.FixedNames = "false"
		Debug.AspNetCompiler.Debug = "True"
		Release.AspNetCompiler.VirtualPath = "/localhost_54520"
		Release.AspNetCompiler.PhysicalPath = "YemekTarifiSitee\"
		Release.AspNetCompiler.TargetPath = "PrecompiledWeb\localhost_54520\"
		Release.AspNetCompiler.Updateable = "true"
		Release.AspNetCompiler.ForceOverwrite = "true"
		Release.AspNetCompiler.FixedNames = "false"
		Release.AspNetCompiler.Debug = "False"
		VWDPort = "54520"
		SlnRelativePath = "YemekTarifiSitee\"
		DefaultWebSiteLanguage = "Visual C#"
	EndProjectSection
EndProject
Global
	GlobalSection(SolutionConfigurationPlatforms) = preSolution
		Debug|Any CPU = Debug|Any CPU
	EndGlobalSection
	GlobalSection(ProjectConfigurationPlatforms) = postSolution
		{13125DE2-F726-4450-BB72-4CCC1DABB949}.Debug|Any CPU.ActiveCfg = Debug|Any CPU
		{13125DE2-F726-4450-BB72-4CCC1DABB949}.Debug|Any CPU.Build.0 = Debug|Any CPU
	EndGlobalSection
	GlobalSection(SolutionProperties) = preSolution
		HideSolutionNode = FALSE
	EndGlobalSection
	GlobalSection(ExtensibilityGlobals) = postSolution
		SolutionGuid = {A53A713F-EF8E-42F6-A4C2-FDCC0CC9BD2F}
	EndGlobalSection
EndGlobal
